
Microsoft Visual Studio Solution File, Format Version 12.00
# Visual Studio Version 16
VisualStudioVersion = 16.0.29009.5
MinimumVisualStudioVersion = 10.0.40219.1
Project("{FAE04EC0-301F-11D3-BF4B-00C04F79EFBC}") = "Ventas", "Ventas\Ventas.csproj", "{278D5167-2CE2-4602-8DE5-865BE1BAD6BB}"
EndProject
Global
	GlobalSection(SolutionConfigurationPlatforms) = preSolution
		Debug|Any CPU = Debug|Any CPU
		Release|Any CPU = Release|Any CPU
	EndGlobalSection
	GlobalSection(ProjectConfigurationPlatforms) = postSolution
		{278D5167-2CE2-4602-8DE5-865BE1BAD6BB}.Debug|Any CPU.ActiveCfg = Debug|Any CPU
		{278D5167-2CE2-4602-8DE5-865BE1BAD6BB}.Debug|Any CPU.Build.0 = Debug|Any CPU
		{278D5167-2CE2-4602-8DE5-865BE1BAD6BB}.Release|Any CPU.ActiveCfg = Release|Any CPU
		{278D5167-2CE2-4602-8DE5-865BE1BAD6BB}.Release|Any CPU.Build.0 = Release|Any CPU
	EndGlobalSection
	GlobalSection(SolutionProperties) = preSolution
		HideSolutionNode = FALSE
	EndGlobalSection
	GlobalSection(ExtensibilityGlobals) = postSolution
		SolutionGuid = {74C9402C-26A6-4DF7-8E16-9EF38230A54A}
	EndGlobalSection
EndGlobal
